// !$*UTF8*$!
{
	archiveVersion = 1;
	classes = {
	};
	objectVersion = 46;
	objects = {

/* Begin PBXBuildFile section */
		44DF2A7619377216001158B0 /* Foundation.framework in Frameworks */ = {isa = PBXBuildFile; fileRef = 44DF2A7519377216001158B0 /* Foundation.framework */; };
		44DF2A7819377216001158B0 /* CoreGraphics.framework in Frameworks */ = {isa = PBXBuildFile; fileRef = 44DF2A7719377216001158B0 /* CoreGraphics.framework */; };
		44DF2A7A19377216001158B0 /* UIKit.framework in Frameworks */ = {isa = PBXBuildFile; fileRef = 44DF2A7919377216001158B0 /* UIKit.framework */; };
		44DF2A8019377216001158B0 /* InfoPlist.strings in Resources */ = {isa = PBXBuildFile; fileRef = 44DF2A7E19377216001158B0 /* InfoPlist.strings */; };
		44DF2A8219377216001158B0 /* main.m in Sources */ = {isa = PBXBuildFile; fileRef = 44DF2A8119377216001158B0 /* main.m */; };
		44DF2A8619377216001158B0 /* IMAppDelegate.m in Sources */ = {isa = PBXBuildFile; fileRef = 44DF2A8519377216001158B0 /* IMAppDelegate.m */; };
		44DF2A8919377216001158B0 /* Main.storyboard in Resources */ = {isa = PBXBuildFile; fileRef = 44DF2A8719377216001158B0 /* Main.storyboard */; };
		44DF2A8C19377216001158B0 /* IMViewController.m in Sources */ = {isa = PBXBuildFile; fileRef = 44DF2A8B19377216001158B0 /* IMViewController.m */; };
		44DF2A8E19377216001158B0 /* Images.xcassets in Resources */ = {isa = PBXBuildFile; fileRef = 44DF2A8D19377216001158B0 /* Images.xcassets */; };
		44DF2A9519377216001158B0 /* XCTest.framework in Frameworks */ = {isa = PBXBuildFile; fileRef = 44DF2A9419377216001158B0 /* XCTest.framework */; };
		44DF2A9619377216001158B0 /* Foundation.framework in Frameworks */ = {isa = PBXBuildFile; fileRef = 44DF2A7519377216001158B0 /* Foundation.framework */; };
		44DF2A9719377216001158B0 /* UIKit.framework in Frameworks */ = {isa = PBXBuildFile; fileRef = 44DF2A7919377216001158B0 /* UIKit.framework */; };
		44DF2A9F19377216001158B0 /* InfoPlist.strings in Resources */ = {isa = PBXBuildFile; fileRef = 44DF2A9D19377216001158B0 /* InfoPlist.strings */; };
		44DF2AA119377216001158B0 /* iBeaconTemplateTests.m in Sources */ = {isa = PBXBuildFile; fileRef = 44DF2AA019377216001158B0 /* iBeaconTemplateTests.m */; };
		44DF2AAB193775D3001158B0 /* CoreLocation.framework in Frameworks */ = {isa = PBXBuildFile; fileRef = 44DF2AAA193775D3001158B0 /* CoreLocation.framework */; };
/* End PBXBuildFile section */

/* Begin PBXContainerItemProxy section */
		44DF2A9819377216001158B0 /* PBXContainerItemProxy */ = {
			isa = PBXContainerItemProxy;
			containerPortal = 44DF2A6A19377216001158B0 /* Project object */;
			proxyType = 1;
			remoteGlobalIDString = 44DF2A7119377216001158B0;
			remoteInfo = iBeaconTemplate;
		};
/* End PBXContainerItemProxy section */

/* Begin PBXFileReference section */
		44DF2A7219377216001158B0 /* iBeaconTemplate.app */ = {isa = PBXFileReference; explicitFileType = wrapper.application; includeInIndex = 0; path = iBeaconTemplate.app; sourceTree = BUILT_PRODUCTS_DIR; };
		44DF2A7519377216001158B0 /* Foundation.framework */ = {isa = PBXFileReference; lastKnownFileType = wrapper.framework; name = Foundation.framework; path = System/Library/Frameworks/Foundation.framework; sourceTree = SDKROOT; };
		44DF2A7719377216001158B0 /* CoreGraphics.framework */ = {isa = PBXFileReference; lastKnownFileType = wrapper.framework; name = CoreGraphics.framework; path = System/Library/Frameworks/CoreGraphics.framework; sourceTree = SDKROOT; };
		44DF2A7919377216001158B0 /* UIKit.framework */ = {isa = PBXFileReference; lastKnownFileType = wrapper.framework; name = UIKit.framework; path = System/Library/Frameworks/UIKit.framework; sourceTree = SDKROOT; };
		44DF2A7D19377216001158B0 /* iBeaconTemplate-Info.plist */ = {isa = PBXFileReference; lastKnownFileType = text.plist.xml; path = "iBeaconTemplate-Info.plist"; sourceTree = "<group>"; };
		44DF2A7F19377216001158B0 /* en */ = {isa = PBXFileReference; lastKnownFileType = text.plist.strings; name = en; path = en.lproj/InfoPlist.strings; sourceTree = "<group>"; };
		44DF2A8119377216001158B0 /* main.m */ = {isa = PBXFileReference; lastKnownFileType = sourcecode.c.objc; path = main.m; sourceTree = "<group>"; };
		44DF2A8319377216001158B0 /* iBeaconTemplate-Prefix.pch */ = {isa = PBXFileReference; lastKnownFileType = sourcecode.c.h; path = "iBeaconTemplate-Prefix.pch"; sourceTree = "<group>"; };
		44DF2A8419377216001158B0 /* IMAppDelegate.h */ = {isa = PBXFileReference; lastKnownFileType = sourcecode.c.h; path = IMAppDelegate.h; sourceTree = "<group>"; };
		44DF2A8519377216001158B0 /* IMAppDelegate.m */ = {isa = PBXFileReference; lastKnownFileType = sourcecode.c.objc; path = IMAppDelegate.m; sourceTree = "<group>"; };
		44DF2A8819377216001158B0 /* Base */ = {isa = PBXFileReference; lastKnownFileType = file.storyboard; name = Base; path = Base.lproj/Main.storyboard; sourceTree = "<group>"; };
		44DF2A8A19377216001158B0 /* IMViewController.h */ = {isa = PBXFileReference; lastKnownFileType = sourcecode.c.h; path = IMViewController.h; sourceTree = "<group>"; };
		44DF2A8B19377216001158B0 /* IMViewController.m */ = {isa = PBXFileReference; lastKnownFileType = sourcecode.c.objc; path = IMViewController.m; sourceTree = "<group>"; };
		44DF2A8D19377216001158B0 /* Images.xcassets */ = {isa = PBXFileReference; lastKnownFileType = folder.assetcatalog; path = Images.xcassets; sourceTree = "<group>"; };
		44DF2A9319377216001158B0 /* iBeaconTemplateTests.xctest */ = {isa = PBXFileReference; explicitFileType = wrapper.cfbundle; includeInIndex = 0; path = iBeaconTemplateTests.xctest; sourceTree = BUILT_PRODUCTS_DIR; };
		44DF2A9419377216001158B0 /* XCTest.framework */ = {isa = PBXFileReference; lastKnownFileType = wrapper.framework; name = XCTest.framework; path = Library/Frameworks/XCTest.framework; sourceTree = DEVELOPER_DIR; };
		44DF2A9C19377216001158B0 /* iBeaconTemplateTests-Info.plist */ = {isa = PBXFileReference; lastKnownFileType = text.plist.xml; path = "iBeaconTemplateTests-Info.plist"; sourceTree = "<group>"; };
		44DF2A9E19377216001158B0 /* en */ = {isa = PBXFileReference; lastKnownFileType = text.plist.strings; name = en; path = en.lproj/InfoPlist.strings; sourceTree = "<group>"; };
		44DF2AA019377216001158B0 /* iBeaconTemplateTests.m */ = {isa = PBXFileReference; lastKnownFileType = sourcecode.c.objc; path = iBeaconTemplateTests.m; sourceTree = "<group>"; };
		44DF2AAA193775D3001158B0 /* CoreLocation.framework */ = {isa = PBXFileReference; lastKnownFileType = wrapper.framework; name = CoreLocation.framework; path = System/Library/Frameworks/CoreLocation.framework; sourceTree = SDKROOT; };
/* End PBXFileReference section */

/* Begin PBXFrameworksBuildPhase section */
		44DF2A6F19377216001158B0 /* Frameworks */ = {
			isa = PBXFrameworksBuildPhase;
			buildActionMask = 2147483647;
			files = (
				44DF2AAB193775D3001158B0 /* CoreLocation.framework in Frameworks */,
				44DF2A7819377216001158B0 /* CoreGraphics.framework in Frameworks */,
				44DF2A7A19377216001158B0 /* UIKit.framework in Frameworks */,
				44DF2A7619377216001158B0 /* Foundation.framework in Frameworks */,
			);
			runOnlyForDeploymentPostprocessing = 0;
		};
		44DF2A9019377216001158B0 /* Frameworks */ = {
			isa = PBXFrameworksBuildPhase;
			buildActionMask = 2147483647;
			files = (
				44DF2A9519377216001158B0 /* XCTest.framework in Frameworks */,
				44DF2A9719377216001158B0 /* UIKit.framework in Frameworks */,
				44DF2A9619377216001158B0 /* Foundation.framework in Frameworks */,
			);
			runOnlyForDeploymentPostprocessing = 0;
		};
/* End PBXFrameworksBuildPhase section */

/* Begin PBXGroup section */
		44DF2A6919377216001158B0 = {
			isa = PBXGroup;
			children = (
				44DF2A7B19377216001158B0 /* iBeaconTemplate */,
				44DF2A9A19377216001158B0 /* iBeaconTemplateTests */,
				44DF2A7419377216001158B0 /* Frameworks */,
				44DF2A7319377216001158B0 /* Products */,
			);
			sourceTree = "<group>";
		};
		44DF2A7319377216001158B0 /* Products */ = {
			isa = PBXGroup;
			children = (
				44DF2A7219377216001158B0 /* iBeaconTemplate.app */,
				44DF2A9319377216001158B0 /* iBeaconTemplateTests.xctest */,
			);
			name = Products;
			sourceTree = "<group>";
		};
		44DF2A7419377216001158B0 /* Frameworks */ = {
			isa = PBXGroup;
			children = (
				44DF2AAA193775D3001158B0 /* CoreLocation.framework */,
				44DF2A7519377216001158B0 /* Foundation.framework */,
				44DF2A7719377216001158B0 /* CoreGraphics.framework */,
				44DF2A7919377216001158B0 /* UIKit.framework */,
				44DF2A9419377216001158B0 /* XCTest.framework */,
			);
			name = Frameworks;
			sourceTree = "<group>";
		};
		44DF2A7B19377216001158B0 /* iBeaconTemplate */ = {
			isa = PBXGroup;
			children = (
				44DF2A8419377216001158B0 /* IMAppDelegate.h */,
				44DF2A8519377216001158B0 /* IMAppDelegate.m */,
				44DF2A8719377216001158B0 /* Main.storyboard */,
				44DF2A8A19377216001158B0 /* IMViewController.h */,
				44DF2A8B19377216001158B0 /* IMViewController.m */,
				44DF2A8D19377216001158B0 /* Images.xcassets */,
				44DF2A7C19377216001158B0 /* Supporting Files */,
			);
			path = iBeaconTemplate;
			sourceTree = "<group>";
		};
		44DF2A7C19377216001158B0 /* Supporting Files */ = {
			isa = PBXGroup;
			children = (
				44DF2A7D19377216001158B0 /* iBeaconTemplate-Info.plist */,
				44DF2A7E19377216001158B0 /* InfoPlist.strings */,
				44DF2A8119377216001158B0 /* main.m */,
				44DF2A8319377216001158B0 /* iBeaconTemplate-Prefix.pch */,
			);
			name = "Supporting Files";
			sourceTree = "<group>";
		};
		44DF2A9A19377216001158B0 /* iBeaconTemplateTests */ = {
			isa = PBXGroup;
			children = (
				44DF2AA019377216001158B0 /* iBeaconTemplateTests.m */,
				44DF2A9B19377216001158B0 /* Supporting Files */,
			);
			path = iBeaconTemplateTests;
			sourceTree = "<group>";
		};
		44DF2A9B19377216001158B0 /* Supporting Files */ = {
			isa = PBXGroup;
			children = (
				44DF2A9C19377216001158B0 /* iBeaconTemplateTests-Info.plist */,
				44DF2A9D19377216001158B0 /* InfoPlist.strings */,
			);
			name = "Supporting Files";
			sourceTree = "<group>";
		};
/* End PBXGroup section */

/* Begin PBXNativeTarget section */
		44DF2A7119377216001158B0 /* iBeaconTemplate */ = {
			isa = PBXNativeTarget;
			buildConfigurationList = 44DF2AA419377216001158B0 /* Build configuration list for PBXNativeTarget "iBeaconTemplate" */;
			buildPhases = (
				44DF2A6E19377216001158B0 /* Sources */,
				44DF2A6F19377216001158B0 /* Frameworks */,
				44DF2A7019377216001158B0 /* Resources */,
			);
			buildRules = (
			);
			dependencies = (
			);
			name = iBeaconTemplate;
			productName = iBeaconTemplate;
			productReference = 44DF2A7219377216001158B0 /* iBeaconTemplate.app */;
			productType = "com.apple.product-type.application";
		};
		44DF2A9219377216001158B0 /* iBeaconTemplateTests */ = {
			isa = PBXNativeTarget;
			buildConfigurationList = 44DF2AA719377216001158B0 /* Build configuration list for PBXNativeTarget "iBeaconTemplateTests" */;
			buildPhases = (
				44DF2A8F19377216001158B0 /* Sources */,
				44DF2A9019377216001158B0 /* Frameworks */,
				44DF2A9119377216001158B0 /* Resources */,
			);
			buildRules = (
			);
			dependencies = (
				44DF2A9919377216001158B0 /* PBXTargetDependency */,
			);
			name = iBeaconTemplateTests;
			productName = iBeaconTemplateTests;
			productReference = 44DF2A9319377216001158B0 /* iBeaconTemplateTests.xctest */;
			productType = "com.apple.product-type.bundle.unit-test";
		};
/* End PBXNativeTarget section */

/* Begin PBXProject section */
		44DF2A6A19377216001158B0 /* Project object */ = {
			isa = PBXProject;
			attributes = {
				CLASSPREFIX = IM;
				LastUpgradeCheck = 0510;
				ORGANIZATIONNAME = iBeaconModules.us;
				TargetAttributes = {
					44DF2A7119377216001158B0 = {
						SystemCapabilities = {
							com.apple.BackgroundModes = {
								enabled = 1;
							};
						};
					};
					44DF2A9219377216001158B0 = {
						TestTargetID = 44DF2A7119377216001158B0;
					};
				};
			};
			buildConfigurationList = 44DF2A6D19377216001158B0 /* Build configuration list for PBXProject "iBeaconTemplate" */;
			compatibilityVersion = "Xcode 3.2";
			developmentRegion = English;
			hasScannedForEncodings = 0;
			knownRegions = (
				en,
				Base,
			);
			mainGroup = 44DF2A6919377216001158B0;
			productRefGroup = 44DF2A7319377216001158B0 /* Products */;
			projectDirPath = "";
			projectRoot = "";
			targets = (
				44DF2A7119377216001158B0 /* iBeaconTemplate */,
				44DF2A9219377216001158B0 /* iBeaconTemplateTests */,
			);
		};
/* End PBXProject section */

/* Begin PBXResourcesBuildPhase section */
		44DF2A7019377216001158B0 /* Resources */ = {
			isa = PBXResourcesBuildPhase;
			buildActionMask = 2147483647;
			files = (
				44DF2A8E19377216001158B0 /* Images.xcassets in Resources */,
				44DF2A8019377216001158B0 /* InfoPlist.strings in Resources */,
				44DF2A8919377216001158B0 /* Main.storyboard in Resources */,
			);
			runOnlyForDeploymentPostprocessing = 0;
		};
		44DF2A9119377216001158B0 /* Resources */ = {
			isa = PBXResourcesBuildPhase;
			buildActionMask = 2147483647;
			files = (
				44DF2A9F19377216001158B0 /* InfoPlist.strings in Resources */,
			);
			runOnlyForDeploymentPostprocessing = 0;
		};
/* End PBXResourcesBuildPhase section */

/* Begin PBXSourcesBuildPhase section */
		44DF2A6E19377216001158B0 /* Sources */ = {
			isa = PBXSourcesBuildPhase;
			buildActionMask = 2147483647;
			files = (
				44DF2A8619377216001158B0 /* IMAppDelegate.m in Sources */,
				44DF2A8219377216001158B0 /* main.m in Sources */,
				44DF2A8C19377216001158B0 /* IMViewController.m in Sources */,
			);
			runOnlyForDeploymentPostprocessing = 0;
		};
		44DF2A8F19377216001158B0 /* Sources */ = {
			isa = PBXSourcesBuildPhase;
			buildActionMask = 2147483647;
			files = (
				44DF2AA119377216001158B0 /* iBeaconTemplateTests.m in Sources */,
			);
			runOnlyForDeploymentPostprocessing = 0;
		};
/* End PBXSourcesBuildPhase section */

/* Begin PBXTargetDependency section */
		44DF2A9919377216001158B0 /* PBXTargetDependency */ = {
			isa = PBXTargetDependency;
			target = 44DF2A7119377216001158B0 /* iBeaconTemplate */;
			targetProxy = 44DF2A9819377216001158B0 /* PBXContainerItemProxy */;
		};
/* End PBXTargetDependency section */

/* Begin PBXVariantGroup section */
		44DF2A7E19377216001158B0 /* InfoPlist.strings */ = {
			isa = PBXVariantGroup;
			children = (
				44DF2A7F19377216001158B0 /* en */,
			);
			name = InfoPlist.strings;
			sourceTree = "<group>";
		};
		44DF2A8719377216001158B0 /* Main.storyboard */ = {
			isa = PBXVariantGroup;
			children = (
				44DF2A8819377216001158B0 /* Base */,
			);
			name = Main.storyboard;
			sourceTree = "<group>";
		};
		44DF2A9D19377216001158B0 /* InfoPlist.strings */ = {
			isa = PBXVariantGroup;
			children = (
				44DF2A9E19377216001158B0 /* en */,
			);
			name = InfoPlist.strings;
			sourceTree = "<group>";
		};
/* End PBXVariantGroup section */

/* Begin XCBuildConfiguration section */
		44DF2AA219377216001158B0 /* Debug */ = {
			isa = XCBuildConfiguration;
			buildSettings = {
				ALWAYS_SEARCH_USER_PATHS = NO;
				CLANG_CXX_LANGUAGE_STANDARD = "gnu++0x";
				CLANG_CXX_LIBRARY = "libc++";
				CLANG_ENABLE_MODULES = YES;
				CLANG_ENABLE_OBJC_ARC = YES;
				CLANG_WARN_BOOL_CONVERSION = YES;
				CLANG_WARN_CONSTANT_CONVERSION = YES;
				CLANG_WARN_DIRECT_OBJC_ISA_USAGE = YES_ERROR;
				CLANG_WARN_EMPTY_BODY = YES;
				CLANG_WARN_ENUM_CONVERSION = YES;
				CLANG_WARN_INT_CONVERSION = YES;
				CLANG_WARN_OBJC_ROOT_CLASS = YES_ERROR;
				CLANG_WARN__DUPLICATE_METHOD_MATCH = YES;
				"CODE_SIGN_IDENTITY[sdk=iphoneos*]" = "iPhone Developer";
				COPY_PHASE_STRIP = NO;
				GCC_C_LANGUAGE_STANDARD = gnu99;
				GCC_DYNAMIC_NO_PIC = NO;
				GCC_OPTIMIZATION_LEVEL = 0;
				GCC_PREPROCESSOR_DEFINITIONS = (
					"DEBUG=1",
					"$(inherited)",
				);
				GCC_SYMBOLS_PRIVATE_EXTERN = NO;
				GCC_WARN_64_TO_32_BIT_CONVERSION = YES;
				GCC_WARN_ABOUT_RETURN_TYPE = YES_ERROR;
				GCC_WARN_UNDECLARED_SELECTOR = YES;
				GCC_WARN_UNINITIALIZED_AUTOS = YES_AGGRESSIVE;
				GCC_WARN_UNUSED_FUNCTION = YES;
				GCC_WARN_UNUSED_VARIABLE = YES;
				IPHONEOS_DEPLOYMENT_TARGET = 7.1;
				ONLY_ACTIVE_ARCH = YES;
				SDKROOT = iphoneos;
			};
			name = Debug;
		};
		44DF2AA319377216001158B0 /* Release */ = {
			isa = XCBuildConfiguration;
			buildSettings = {
				ALWAYS_SEARCH_USER_PATHS = NO;
				CLANG_CXX_LANGUAGE_STANDARD = "gnu++0x";
				CLANG_CXX_LIBRARY = "libc++";
				CLANG_ENABLE_MODULES = YES;
				CLANG_ENABLE_OBJC_ARC = YES;
				CLANG_WARN_BOOL_CONVERSION = YES;
				CLANG_WARN_CONSTANT_CONVERSION = YES;
				CLANG_WARN_DIRECT_OBJC_ISA_USAGE = YES_ERROR;
				CLANG_WARN_EMPTY_BODY = YES;
				CLANG_WARN_ENUM_CONVERSION = YES;
				CLANG_WARN_INT_CONVERSION = YES;
				CLANG_WARN_OBJC_ROOT_CLASS = YES_ERROR;
				CLANG_WARN__DUPLICATE_METHOD_MATCH = YES;
				"CODE_SIGN_IDENTITY[sdk=iphoneos*]" = "iPhone Developer";
				COPY_PHASE_STRIP = YES;
				ENABLE_NS_ASSERTIONS = NO;
				GCC_C_LANGUAGE_STANDARD = gnu99;
				GCC_WARN_64_TO_32_BIT_CONVERSION = YES;
				GCC_WARN_ABOUT_RETURN_TYPE = YES_ERROR;
				GCC_WARN_UNDECLARED_SELECTOR = YES;
				GCC_WARN_UNINITIALIZED_AUTOS = YES_AGGRESSIVE;
				GCC_WARN_UNUSED_FUNCTION = YES;
				GCC_WARN_UNUSED_VARIABLE = YES;
				IPHONEOS_DEPLOYMENT_TARGET = 7.1;
				SDKROOT = iphoneos;
				VALIDATE_PRODUCT = YES;
			};
			name = Release;
		};
		44DF2AA519377216001158B0 /* Debug */ = {
			isa = XCBuildConfiguration;
			buildSettings = {
				ASSETCATALOG_COMPILER_APPICON_NAME = AppIcon;
				ASSETCATALOG_COMPILER_LAUNCHIMAGE_NAME = LaunchImage;
				GCC_PRECOMPILE_PREFIX_HEADER = YES;
				GCC_PREFIX_HEADER = "iBeaconTemplate/iBeaconTemplate-Prefix.pch";
				INFOPLIST_FILE = "iBeaconTemplate/iBeaconTemplate-Info.plist";
				PRODUCT_NAME = "$(TARGET_NAME)";
				WRAPPER_EXTENSION = app;
			};
			name = Debug;
		};
		44DF2AA619377216001158B0 /* Release */ = {
			isa = XCBuildConfiguration;
			buildSettings = {
				ASSETCATALOG_COMPILER_APPICON_NAME = AppIcon;
				ASSETCATALOG_COMPILER_LAUNCHIMAGE_NAME = LaunchImage;
				GCC_PRECOMPILE_PREFIX_HEADER = YES;
				GCC_PREFIX_HEADER = "iBeaconTemplate/iBeaconTemplate-Prefix.pch";
				INFOPLIST_FILE = "iBeaconTemplate/iBeaconTemplate-Info.plist";
				PRODUCT_NAME = "$(TARGET_NAME)";
				WRAPPER_EXTENSION = app;
			};
			name = Release;
		};
		44DF2AA819377216001158B0 /* Debug */ = {
			isa = XCBuildConfiguration;
			buildSettings = {
				BUNDLE_LOADER = "$(BUILT_PRODUCTS_DIR)/iBeaconTemplate.app/iBeaconTemplate";
				FRAMEWORK_SEARCH_PATHS = (
					"$(SDKROOT)/Developer/Library/Frameworks",
					"$(inherited)",
					"$(DEVELOPER_FRAMEWORKS_DIR)",
				);
				GCC_PRECOMPILE_PREFIX_HEADER = YES;
				GCC_PREFIX_HEADER = "iBeaconTemplate/iBeaconTemplate-Prefix.pch";
				GCC_PREPROCESSOR_DEFINITIONS = (
					"DEBUG=1",
					"$(inherited)",
				);
				INFOPLIST_FILE = "iBeaconTemplateTests/iBeaconTemplateTests-Info.plist";
				PRODUCT_NAME = "$(TARGET_NAME)";
				TEST_HOST = "$(BUNDLE_LOADER)";
				WRAPPER_EXTENSION = xctest;
			};
			name = Debug;
		};
		44DF2AA919377216001158B0 /* Release */ = {
			isa = XCBuildConfiguration;
			buildSettings = {
				BUNDLE_LOADER = "$(BUILT_PRODUCTS_DIR)/iBeaconTemplate.app/iBeaconTemplate";
				FRAMEWORK_SEARCH_PATHS = (
					"$(SDKROOT)/Developer/Library/Frameworks",
					"$(inherited)",
					"$(DEVELOPER_FRAMEWORKS_DIR)",
				);
				GCC_PRECOMPILE_PREFIX_HEADER = YES;
				GCC_PREFIX_HEADER = "iBeaconTemplate/iBeaconTemplate-Prefix.pch";
				INFOPLIST_FILE = "iBeaconTemplateTests/iBeaconTemplateTests-Info.plist";
				PRODUCT_NAME = "$(TARGET_NAME)";
				TEST_HOST = "$(BUNDLE_LOADER)";
				WRAPPER_EXTENSION = xctest;
			};
			name = Release;
		};
/* End XCBuildConfiguration section */

/* Begin XCConfigurationList section */
		44DF2A6D19377216001158B0 /* Build configuration list for PBXProject "iBeaconTemplate" */ = {
			isa = XCConfigurationList;
			buildConfigurations = (
				44DF2AA219377216001158B0 /* Debug */,
				44DF2AA319377216001158B0 /* Release */,
			);
			defaultConfigurationIsVisible = 0;
			defaultConfigurationName = Release;
		};
		44DF2AA419377216001158B0 /* Build configuration list for PBXNativeTarget "iBeaconTemplate" */ = {
			isa = XCConfigurationList;
			buildConfigurations = (
				44DF2AA519377216001158B0 /* Debug */,
				44DF2AA619377216001158B0 /* Release */,
			);
			defaultConfigurationIsVisible = 0;
			defaultConfigurationName = Release;
		};
		44DF2AA719377216001158B0 /* Build configuration list for PBXNativeTarget "iBeaconTemplateTests" */ = {
			isa = XCConfigurationList;
			buildConfigurations = (
				44DF2AA819377216001158B0 /* Debug */,
				44DF2AA919377216001158B0 /* Release */,
			);
			defaultConfigurationIsVisible = 0;
			defaultConfigurationName = Release;
		};
/* End XCConfigurationList section */
	};
	rootObject = 44DF2A6A19377216001158B0 /* Project object */;
}
